// !$*UTF8*$!
{
	archiveVersion = 1;
	classes = {
	};
	objectVersion = 46;
	objects = {

/* Begin PBXBuildFile section */
		5F9E82131AF94CD400BB0E3C /* AppDelegate.swift in Sources */ = {isa = PBXBuildFile; fileRef = 5F9E82121AF94CD400BB0E3C /* AppDelegate.swift */; };
		5F9E82151AF94CD400BB0E3C /* ViewController.swift in Sources */ = {isa = PBXBuildFile; fileRef = 5F9E82141AF94CD400BB0E3C /* ViewController.swift */; };
		5F9E82181AF94CD400BB0E3C /* Main.storyboard in Resources */ = {isa = PBXBuildFile; fileRef = 5F9E82161AF94CD400BB0E3C /* Main.storyboard */; };
		5F9E821A1AF94CD400BB0E3C /* Images.xcassets in Resources */ = {isa = PBXBuildFile; fileRef = 5F9E82191AF94CD400BB0E3C /* Images.xcassets */; };
		5F9E821D1AF94CD400BB0E3C /* LaunchScreen.xib in Resources */ = {isa = PBXBuildFile; fileRef = 5F9E821B1AF94CD400BB0E3C /* LaunchScreen.xib */; };
		5F9E82291AF94CD400BB0E3C /* Photo_DropTests.swift in Sources */ = {isa = PBXBuildFile; fileRef = 5F9E82281AF94CD400BB0E3C /* Photo_DropTests.swift */; };
		5F9E82331AF94EAB00BB0E3C /* MapKit.framework in Frameworks */ = {isa = PBXBuildFile; fileRef = 5F9E82321AF94EAB00BB0E3C /* MapKit.framework */; };
		5F9E82351AF9503C00BB0E3C /* CoreLocation.framework in Frameworks */ = {isa = PBXBuildFile; fileRef = 5F9E82341AF9503C00BB0E3C /* CoreLocation.framework */; };
		5F9E823B1AF96A0C00BB0E3C /* libicucore.dylib in Frameworks */ = {isa = PBXBuildFile; fileRef = 5F9E823A1AF96A0C00BB0E3C /* libicucore.dylib */; };
		5F9E823D1AF96A1800BB0E3C /* libc++.dylib in Frameworks */ = {isa = PBXBuildFile; fileRef = 5F9E823C1AF96A1800BB0E3C /* libc++.dylib */; };
		5F9E823F1AF96A2200BB0E3C /* CFNetwork.framework in Frameworks */ = {isa = PBXBuildFile; fileRef = 5F9E823E1AF96A2200BB0E3C /* CFNetwork.framework */; };
		5F9E82411AF96A2900BB0E3C /* Security.framework in Frameworks */ = {isa = PBXBuildFile; fileRef = 5F9E82401AF96A2900BB0E3C /* Security.framework */; };
		5F9E82431AF96A2F00BB0E3C /* SystemConfiguration.framework in Frameworks */ = {isa = PBXBuildFile; fileRef = 5F9E82421AF96A2F00BB0E3C /* SystemConfiguration.framework */; };
		5F9E824D1AF9713900BB0E3C /* UIImage+Resize.m in Sources */ = {isa = PBXBuildFile; fileRef = 5F9E82481AF9713900BB0E3C /* UIImage+Resize.m */; };
		5F9E824E1AF9713900BB0E3C /* UIImage+Alpha.m in Sources */ = {isa = PBXBuildFile; fileRef = 5F9E824A1AF9713900BB0E3C /* UIImage+Alpha.m */; };
		5F9E824F1AF9713900BB0E3C /* UIImage+RoundedCorner.m in Sources */ = {isa = PBXBuildFile; fileRef = 5F9E824C1AF9713900BB0E3C /* UIImage+RoundedCorner.m */; };
		5F9E82511AF97AB000BB0E3C /* Pin.swift in Sources */ = {isa = PBXBuildFile; fileRef = 5F9E82501AF97AB000BB0E3C /* Pin.swift */; };
		5F9E82541AF9A1FD00BB0E3C /* GeoFire.framework in Frameworks */ = {isa = PBXBuildFile; fileRef = 5F9E82521AF9A1FD00BB0E3C /* GeoFire.framework */; };
		5F9E82551AF9A1FD00BB0E3C /* Firebase.framework in Frameworks */ = {isa = PBXBuildFile; fileRef = 5F9E82531AF9A1FD00BB0E3C /* Firebase.framework */; };
/* End PBXBuildFile section */

/* Begin PBXContainerItemProxy section */
		5F9E82231AF94CD400BB0E3C /* PBXContainerItemProxy */ = {
			isa = PBXContainerItemProxy;
			containerPortal = 5F9E82051AF94CD300BB0E3C /* Project object */;
			proxyType = 1;
			remoteGlobalIDString = 5F9E820C1AF94CD400BB0E3C;
			remoteInfo = "Photo Drop";
		};
/* End PBXContainerItemProxy section */

/* Begin PBXFileReference section */
		5F9E820D1AF94CD400BB0E3C /* Photo Drop.app */ = {isa = PBXFileReference; explicitFileType = wrapper.application; includeInIndex = 0; path = "Photo Drop.app"; sourceTree = BUILT_PRODUCTS_DIR; };
		5F9E82111AF94CD400BB0E3C /* Info.plist */ = {isa = PBXFileReference; lastKnownFileType = text.plist.xml; path = Info.plist; sourceTree = "<group>"; };
		5F9E82121AF94CD400BB0E3C /* AppDelegate.swift */ = {isa = PBXFileReference; lastKnownFileType = sourcecode.swift; path = AppDelegate.swift; sourceTree = "<group>"; };
		5F9E82141AF94CD400BB0E3C /* ViewController.swift */ = {isa = PBXFileReference; lastKnownFileType = sourcecode.swift; path = ViewController.swift; sourceTree = "<group>"; };
		5F9E82171AF94CD400BB0E3C /* Base */ = {isa = PBXFileReference; lastKnownFileType = file.storyboard; name = Base; path = Base.lproj/Main.storyboard; sourceTree = "<group>"; };
		5F9E82191AF94CD400BB0E3C /* Images.xcassets */ = {isa = PBXFileReference; lastKnownFileType = folder.assetcatalog; path = Images.xcassets; sourceTree = "<group>"; };
		5F9E821C1AF94CD400BB0E3C /* Base */ = {isa = PBXFileReference; lastKnownFileType = file.xib; name = Base; path = Base.lproj/LaunchScreen.xib; sourceTree = "<group>"; };
		5F9E82221AF94CD400BB0E3C /* Photo DropTests.xctest */ = {isa = PBXFileReference; explicitFileType = wrapper.cfbundle; includeInIndex = 0; path = "Photo DropTests.xctest"; sourceTree = BUILT_PRODUCTS_DIR; };
		5F9E82271AF94CD400BB0E3C /* Info.plist */ = {isa = PBXFileReference; lastKnownFileType = text.plist.xml; path = Info.plist; sourceTree = "<group>"; };
		5F9E82281AF94CD400BB0E3C /* Photo_DropTests.swift */ = {isa = PBXFileReference; lastKnownFileType = sourcecode.swift; path = Photo_DropTests.swift; sourceTree = "<group>"; };
		5F9E82321AF94EAB00BB0E3C /* MapKit.framework */ = {isa = PBXFileReference; lastKnownFileType = wrapper.framework; name = MapKit.framework; path = System/Library/Frameworks/MapKit.framework; sourceTree = SDKROOT; };
		5F9E82341AF9503C00BB0E3C /* CoreLocation.framework */ = {isa = PBXFileReference; lastKnownFileType = wrapper.framework; name = CoreLocation.framework; path = System/Library/Frameworks/CoreLocation.framework; sourceTree = SDKROOT; };
		5F9E823A1AF96A0C00BB0E3C /* libicucore.dylib */ = {isa = PBXFileReference; lastKnownFileType = "compiled.mach-o.dylib"; name = libicucore.dylib; path = usr/lib/libicucore.dylib; sourceTree = SDKROOT; };
		5F9E823C1AF96A1800BB0E3C /* libc++.dylib */ = {isa = PBXFileReference; lastKnownFileType = "compiled.mach-o.dylib"; name = "libc++.dylib"; path = "usr/lib/libc++.dylib"; sourceTree = SDKROOT; };
		5F9E823E1AF96A2200BB0E3C /* CFNetwork.framework */ = {isa = PBXFileReference; lastKnownFileType = wrapper.framework; name = CFNetwork.framework; path = System/Library/Frameworks/CFNetwork.framework; sourceTree = SDKROOT; };
		5F9E82401AF96A2900BB0E3C /* Security.framework */ = {isa = PBXFileReference; lastKnownFileType = wrapper.framework; name = Security.framework; path = System/Library/Frameworks/Security.framework; sourceTree = SDKROOT; };
		5F9E82421AF96A2F00BB0E3C /* SystemConfiguration.framework */ = {isa = PBXFileReference; lastKnownFileType = wrapper.framework; name = SystemConfiguration.framework; path = System/Library/Frameworks/SystemConfiguration.framework; sourceTree = SDKROOT; };
		5F9E82441AF96A8000BB0E3C /* Photo Drop-Bridging-Header.h */ = {isa = PBXFileReference; lastKnownFileType = sourcecode.c.h; path = "Photo Drop-Bridging-Header.h"; sourceTree = "<group>"; };
		5F9E82471AF9713900BB0E3C /* UIImage+Resize.h */ = {isa = PBXFileReference; fileEncoding = 4; lastKnownFileType = sourcecode.c.h; path = "UIImage+Resize.h"; sourceTree = "<group>"; };
		5F9E82481AF9713900BB0E3C /* UIImage+Resize.m */ = {isa = PBXFileReference; fileEncoding = 4; lastKnownFileType = sourcecode.c.objc; path = "UIImage+Resize.m"; sourceTree = "<group>"; };
		5F9E82491AF9713900BB0E3C /* UIImage+Alpha.h */ = {isa = PBXFileReference; fileEncoding = 4; lastKnownFileType = sourcecode.c.h; path = "UIImage+Alpha.h"; sourceTree = "<group>"; };
		5F9E824A1AF9713900BB0E3C /* UIImage+Alpha.m */ = {isa = PBXFileReference; fileEncoding = 4; lastKnownFileType = sourcecode.c.objc; path = "UIImage+Alpha.m"; sourceTree = "<group>"; };
		5F9E824B1AF9713900BB0E3C /* UIImage+RoundedCorner.h */ = {isa = PBXFileReference; fileEncoding = 4; lastKnownFileType = sourcecode.c.h; path = "UIImage+RoundedCorner.h"; sourceTree = "<group>"; };
		5F9E824C1AF9713900BB0E3C /* UIImage+RoundedCorner.m */ = {isa = PBXFileReference; fileEncoding = 4; lastKnownFileType = sourcecode.c.objc; path = "UIImage+RoundedCorner.m"; sourceTree = "<group>"; };
		5F9E82501AF97AB000BB0E3C /* Pin.swift */ = {isa = PBXFileReference; fileEncoding = 4; lastKnownFileType = sourcecode.swift; path = Pin.swift; sourceTree = "<group>"; };
		5F9E82521AF9A1FD00BB0E3C /* GeoFire.framework */ = {isa = PBXFileReference; lastKnownFileType = wrapper.framework; name = GeoFire.framework; path = ../../../GeoFire.framework; sourceTree = "<group>"; };
		5F9E82531AF9A1FD00BB0E3C /* Firebase.framework */ = {isa = PBXFileReference; lastKnownFileType = wrapper.framework; name = Firebase.framework; path = ../../../Firebase.framework; sourceTree = "<group>"; };
/* End PBXFileReference section */

/* Begin PBXFrameworksBuildPhase section */
		5F9E820A1AF94CD400BB0E3C /* Frameworks */ = {
			isa = PBXFrameworksBuildPhase;
			buildActionMask = 2147483647;
			files = (
				5F9E82431AF96A2F00BB0E3C /* SystemConfiguration.framework in Frameworks */,
				5F9E82551AF9A1FD00BB0E3C /* Firebase.framework in Frameworks */,
				5F9E82411AF96A2900BB0E3C /* Security.framework in Frameworks */,
				5F9E823F1AF96A2200BB0E3C /* CFNetwork.framework in Frameworks */,
				5F9E823D1AF96A1800BB0E3C /* libc++.dylib in Frameworks */,
				5F9E823B1AF96A0C00BB0E3C /* libicucore.dylib in Frameworks */,
				5F9E82351AF9503C00BB0E3C /* CoreLocation.framework in Frameworks */,
				5F9E82541AF9A1FD00BB0E3C /* GeoFire.framework in Frameworks */,
				5F9E82331AF94EAB00BB0E3C /* MapKit.framework in Frameworks */,
			);
			runOnlyForDeploymentPostprocessing = 0;
		};
		5F9E821F1AF94CD400BB0E3C /* Frameworks */ = {
			isa = PBXFrameworksBuildPhase;
			buildActionMask = 2147483647;
			files = (
			);
			runOnlyForDeploymentPostprocessing = 0;
		};
/* End PBXFrameworksBuildPhase section */

/* Begin PBXGroup section */
		5F9E82041AF94CD300BB0E3C = {
			isa = PBXGroup;
			children = (
				5F9E82421AF96A2F00BB0E3C /* SystemConfiguration.framework */,
				5F9E82401AF96A2900BB0E3C /* Security.framework */,
				5F9E823E1AF96A2200BB0E3C /* CFNetwork.framework */,
				5F9E823C1AF96A1800BB0E3C /* libc++.dylib */,
				5F9E823A1AF96A0C00BB0E3C /* libicucore.dylib */,
				5F9E82341AF9503C00BB0E3C /* CoreLocation.framework */,
				5F9E82321AF94EAB00BB0E3C /* MapKit.framework */,
				5F9E820F1AF94CD400BB0E3C /* Photo Drop */,
				5F9E82251AF94CD400BB0E3C /* Photo DropTests */,
				5F9E820E1AF94CD400BB0E3C /* Products */,
			);
			sourceTree = "<group>";
		};
		5F9E820E1AF94CD400BB0E3C /* Products */ = {
			isa = PBXGroup;
			children = (
				5F9E820D1AF94CD400BB0E3C /* Photo Drop.app */,
				5F9E82221AF94CD400BB0E3C /* Photo DropTests.xctest */,
			);
			name = Products;
			sourceTree = "<group>";
		};
		5F9E820F1AF94CD400BB0E3C /* Photo Drop */ = {
			isa = PBXGroup;
			children = (
				5F9E82121AF94CD400BB0E3C /* AppDelegate.swift */,
				5F9E82141AF94CD400BB0E3C /* ViewController.swift */,
				5F9E82501AF97AB000BB0E3C /* Pin.swift */,
				5F9E82161AF94CD400BB0E3C /* Main.storyboard */,
				5F9E82191AF94CD400BB0E3C /* Images.xcassets */,
				5F9E821B1AF94CD400BB0E3C /* LaunchScreen.xib */,
				5F9E82521AF9A1FD00BB0E3C /* GeoFire.framework */,
				5F9E82531AF9A1FD00BB0E3C /* Firebase.framework */,
				5F9E82101AF94CD400BB0E3C /* Supporting Files */,
				5F9E82441AF96A8000BB0E3C /* Photo Drop-Bridging-Header.h */,
			);
			path = "Photo Drop";
			sourceTree = "<group>";
		};
		5F9E82101AF94CD400BB0E3C /* Supporting Files */ = {
			isa = PBXGroup;
			children = (
				5F9E82471AF9713900BB0E3C /* UIImage+Resize.h */,
				5F9E82481AF9713900BB0E3C /* UIImage+Resize.m */,
				5F9E82491AF9713900BB0E3C /* UIImage+Alpha.h */,
				5F9E824A1AF9713900BB0E3C /* UIImage+Alpha.m */,
				5F9E824B1AF9713900BB0E3C /* UIImage+RoundedCorner.h */,
				5F9E824C1AF9713900BB0E3C /* UIImage+RoundedCorner.m */,
				5F9E82111AF94CD400BB0E3C /* Info.plist */,
			);
			name = "Supporting Files";
			sourceTree = "<group>";
		};
		5F9E82251AF94CD400BB0E3C /* Photo DropTests */ = {
			isa = PBXGroup;
			children = (
				5F9E82281AF94CD400BB0E3C /* Photo_DropTests.swift */,
				5F9E82261AF94CD400BB0E3C /* Supporting Files */,
			);
			path = "Photo DropTests";
			sourceTree = "<group>";
		};
		5F9E82261AF94CD400BB0E3C /* Supporting Files */ = {
			isa = PBXGroup;
			children = (
				5F9E82271AF94CD400BB0E3C /* Info.plist */,
			);
			name = "Supporting Files";
			sourceTree = "<group>";
		};
/* End PBXGroup section */

/* Begin PBXNativeTarget section */
		5F9E820C1AF94CD400BB0E3C /* Photo Drop */ = {
			isa = PBXNativeTarget;
			buildConfigurationList = 5F9E822C1AF94CD400BB0E3C /* Build configuration list for PBXNativeTarget "Photo Drop" */;
			buildPhases = (
				5F9E82091AF94CD400BB0E3C /* Sources */,
				5F9E820A1AF94CD400BB0E3C /* Frameworks */,
				5F9E820B1AF94CD400BB0E3C /* Resources */,
			);
			buildRules = (
			);
			dependencies = (
			);
			name = "Photo Drop";
			productName = "Photo Drop";
			productReference = 5F9E820D1AF94CD400BB0E3C /* Photo Drop.app */;
			productType = "com.apple.product-type.application";
		};
		5F9E82211AF94CD400BB0E3C /* Photo DropTests */ = {
			isa = PBXNativeTarget;
			buildConfigurationList = 5F9E822F1AF94CD400BB0E3C /* Build configuration list for PBXNativeTarget "Photo DropTests" */;
			buildPhases = (
				5F9E821E1AF94CD400BB0E3C /* Sources */,
				5F9E821F1AF94CD400BB0E3C /* Frameworks */,
				5F9E82201AF94CD400BB0E3C /* Resources */,
			);
			buildRules = (
			);
			dependencies = (
				5F9E82241AF94CD400BB0E3C /* PBXTargetDependency */,
			);
			name = "Photo DropTests";
			productName = "Photo DropTests";
			productReference = 5F9E82221AF94CD400BB0E3C /* Photo DropTests.xctest */;
			productType = "com.apple.product-type.bundle.unit-test";
		};
/* End PBXNativeTarget section */

/* Begin PBXProject section */
		5F9E82051AF94CD300BB0E3C /* Project object */ = {
			isa = PBXProject;
			attributes = {
				LastUpgradeCheck = 0630;
				ORGANIZATIONNAME = "Whole Punk Creators";
				TargetAttributes = {
					5F9E820C1AF94CD400BB0E3C = {
						CreatedOnToolsVersion = 6.3.1;
					};
					5F9E82211AF94CD400BB0E3C = {
						CreatedOnToolsVersion = 6.3.1;
						TestTargetID = 5F9E820C1AF94CD400BB0E3C;
					};
				};
			};
			buildConfigurationList = 5F9E82081AF94CD300BB0E3C /* Build configuration list for PBXProject "Photo Drop" */;
			compatibilityVersion = "Xcode 3.2";
			developmentRegion = English;
			hasScannedForEncodings = 0;
			knownRegions = (
				en,
				Base,
			);
			mainGroup = 5F9E82041AF94CD300BB0E3C;
			productRefGroup = 5F9E820E1AF94CD400BB0E3C /* Products */;
			projectDirPath = "";
			projectRoot = "";
			targets = (
				5F9E820C1AF94CD400BB0E3C /* Photo Drop */,
				5F9E82211AF94CD400BB0E3C /* Photo DropTests */,
			);
		};
/* End PBXProject section */

/* Begin PBXResourcesBuildPhase section */
		5F9E820B1AF94CD400BB0E3C /* Resources */ = {
			isa = PBXResourcesBuildPhase;
			buildActionMask = 2147483647;
			files = (
				5F9E82181AF94CD400BB0E3C /* Main.storyboard in Resources */,
				5F9E821D1AF94CD400BB0E3C /* LaunchScreen.xib in Resources */,
				5F9E821A1AF94CD400BB0E3C /* Images.xcassets in Resources */,
			);
			runOnlyForDeploymentPostprocessing = 0;
		};
		5F9E82201AF94CD400BB0E3C /* Resources */ = {
			isa = PBXResourcesBuildPhase;
			buildActionMask = 2147483647;
			files = (
			);
			runOnlyForDeploymentPostprocessing = 0;
		};
/* End PBXResourcesBuildPhase section */

/* Begin PBXSourcesBuildPhase section */
		5F9E82091AF94CD400BB0E3C /* Sources */ = {
			isa = PBXSourcesBuildPhase;
			buildActionMask = 2147483647;
			files = (
				5F9E824E1AF9713900BB0E3C /* UIImage+Alpha.m in Sources */,
				5F9E824F1AF9713900BB0E3C /* UIImage+RoundedCorner.m in Sources */,
				5F9E82151AF94CD400BB0E3C /* ViewController.swift in Sources */,
				5F9E82131AF94CD400BB0E3C /* AppDelegate.swift in Sources */,
				5F9E82511AF97AB000BB0E3C /* Pin.swift in Sources */,
				5F9E824D1AF9713900BB0E3C /* UIImage+Resize.m in Sources */,
			);
			runOnlyForDeploymentPostprocessing = 0;
		};
		5F9E821E1AF94CD400BB0E3C /* Sources */ = {
			isa = PBXSourcesBuildPhase;
			buildActionMask = 2147483647;
			files = (
				5F9E82291AF94CD400BB0E3C /* Photo_DropTests.swift in Sources */,
			);
			runOnlyForDeploymentPostprocessing = 0;
		};
/* End PBXSourcesBuildPhase section */

/* Begin PBXTargetDependency section */
		5F9E82241AF94CD400BB0E3C /* PBXTargetDependency */ = {
			isa = PBXTargetDependency;
			target = 5F9E820C1AF94CD400BB0E3C /* Photo Drop */;
			targetProxy = 5F9E82231AF94CD400BB0E3C /* PBXContainerItemProxy */;
		};
/* End PBXTargetDependency section */

/* Begin PBXVariantGroup section */
		5F9E82161AF94CD400BB0E3C /* Main.storyboard */ = {
			isa = PBXVariantGroup;
			children = (
				5F9E82171AF94CD400BB0E3C /* Base */,
			);
			name = Main.storyboard;
			sourceTree = "<group>";
		};
		5F9E821B1AF94CD400BB0E3C /* LaunchScreen.xib */ = {
			isa = PBXVariantGroup;
			children = (
				5F9E821C1AF94CD400BB0E3C /* Base */,
			);
			name = LaunchScreen.xib;
			sourceTree = "<group>";
		};
/* End PBXVariantGroup section */

/* Begin XCBuildConfiguration section */
		5F9E822A1AF94CD400BB0E3C /* Debug */ = {
			isa = XCBuildConfiguration;
			buildSettings = {
				ALWAYS_SEARCH_USER_PATHS = NO;
				CLANG_CXX_LANGUAGE_STANDARD = "gnu++0x";
				CLANG_CXX_LIBRARY = "libc++";
				CLANG_ENABLE_MODULES = YES;
				CLANG_ENABLE_OBJC_ARC = YES;
				CLANG_WARN_BOOL_CONVERSION = YES;
				CLANG_WARN_CONSTANT_CONVERSION = YES;
				CLANG_WARN_DIRECT_OBJC_ISA_USAGE = YES_ERROR;
				CLANG_WARN_EMPTY_BODY = YES;
				CLANG_WARN_ENUM_CONVERSION = YES;
				CLANG_WARN_INT_CONVERSION = YES;
				CLANG_WARN_OBJC_ROOT_CLASS = YES_ERROR;
				CLANG_WARN_UNREACHABLE_CODE = YES;
				CLANG_WARN__DUPLICATE_METHOD_MATCH = YES;
				"CODE_SIGN_IDENTITY[sdk=iphoneos*]" = "iPhone Developer";
				COPY_PHASE_STRIP = NO;
				DEBUG_INFORMATION_FORMAT = "dwarf-with-dsym";
				ENABLE_STRICT_OBJC_MSGSEND = YES;
				GCC_C_LANGUAGE_STANDARD = gnu99;
				GCC_DYNAMIC_NO_PIC = NO;
				GCC_NO_COMMON_BLOCKS = YES;
				GCC_OPTIMIZATION_LEVEL = 0;
				GCC_PREPROCESSOR_DEFINITIONS = (
					"DEBUG=1",
					"$(inherited)",
				);
				GCC_SYMBOLS_PRIVATE_EXTERN = NO;
				GCC_WARN_64_TO_32_BIT_CONVERSION = YES;
				GCC_WARN_ABOUT_RETURN_TYPE = YES_ERROR;
				GCC_WARN_UNDECLARED_SELECTOR = YES;
				GCC_WARN_UNINITIALIZED_AUTOS = YES_AGGRESSIVE;
				GCC_WARN_UNUSED_FUNCTION = YES;
				GCC_WARN_UNUSED_VARIABLE = YES;
				IPHONEOS_DEPLOYMENT_TARGET = 8.3;
				MTL_ENABLE_DEBUG_INFO = YES;
				ONLY_ACTIVE_ARCH = YES;
				SDKROOT = iphoneos;
				SWIFT_OPTIMIZATION_LEVEL = "-Onone";
			};
			name = Debug;
		};
		5F9E822B1AF94CD400BB0E3C /* Release */ = {
			isa = XCBuildConfiguration;
			buildSettings = {
				ALWAYS_SEARCH_USER_PATHS = NO;
				CLANG_CXX_LANGUAGE_STANDARD = "gnu++0x";
				CLANG_CXX_LIBRARY = "libc++";
				CLANG_ENABLE_MODULES = YES;
				CLANG_ENABLE_OBJC_ARC = YES;
				CLANG_WARN_BOOL_CONVERSION = YES;
				CLANG_WARN_CONSTANT_CONVERSION = YES;
				CLANG_WARN_DIRECT_OBJC_ISA_USAGE = YES_ERROR;
				CLANG_WARN_EMPTY_BODY = YES;
				CLANG_WARN_ENUM_CONVERSION = YES;
				CLANG_WARN_INT_CONVERSION = YES;
				CLANG_WARN_OBJC_ROOT_CLASS = YES_ERROR;
				CLANG_WARN_UNREACHABLE_CODE = YES;
				CLANG_WARN__DUPLICATE_METHOD_MATCH = YES;
				"CODE_SIGN_IDENTITY[sdk=iphoneos*]" = "iPhone Developer";
				COPY_PHASE_STRIP = NO;
				DEBUG_INFORMATION_FORMAT = "dwarf-with-dsym";
				ENABLE_NS_ASSERTIONS = NO;
				ENABLE_STRICT_OBJC_MSGSEND = YES;
				GCC_C_LANGUAGE_STANDARD = gnu99;
				GCC_NO_COMMON_BLOCKS = YES;
				GCC_WARN_64_TO_32_BIT_CONVERSION = YES;
				GCC_WARN_ABOUT_RETURN_TYPE = YES_ERROR;
				GCC_WARN_UNDECLARED_SELECTOR = YES;
				GCC_WARN_UNINITIALIZED_AUTOS = YES_AGGRESSIVE;
				GCC_WARN_UNUSED_FUNCTION = YES;
				GCC_WARN_UNUSED_VARIABLE = YES;
				IPHONEOS_DEPLOYMENT_TARGET = 8.3;
				MTL_ENABLE_DEBUG_INFO = NO;
				SDKROOT = iphoneos;
				VALIDATE_PRODUCT = YES;
			};
			name = Release;
		};
		5F9E822D1AF94CD400BB0E3C /* Debug */ = {
			isa = XCBuildConfiguration;
			buildSettings = {
				ASSETCATALOG_COMPILER_APPICON_NAME = AppIcon;
				CLANG_ENABLE_MODULES = YES;
				FRAMEWORK_SEARCH_PATHS = (
					"$(inherited)",
					"$(PROJECT_DIR)/Photo",
					Drop,
					/Users/warwick/Desktop,
				);
				INFOPLIST_FILE = "Photo Drop/Info.plist";
				IPHONEOS_DEPLOYMENT_TARGET = 8.0;
				LD_RUNPATH_SEARCH_PATHS = "$(inherited) @executable_path/Frameworks";
				OTHER_LDFLAGS = "-ObjC";
				PRODUCT_NAME = "$(TARGET_NAME)";
				SWIFT_OBJC_BRIDGING_HEADER = "Photo Drop/Photo Drop-Bridging-Header.h";
				SWIFT_OPTIMIZATION_LEVEL = "-Onone";
			};
			name = Debug;
		};
		5F9E822E1AF94CD400BB0E3C /* Release */ = {
			isa = XCBuildConfiguration;
			buildSettings = {
				ASSETCATALOG_COMPILER_APPICON_NAME = AppIcon;
				CLANG_ENABLE_MODULES = YES;
				FRAMEWORK_SEARCH_PATHS = (
					"$(inherited)",
					"$(PROJECT_DIR)/Photo",
					Drop,
					/Users/warwick/Desktop,
				);
				INFOPLIST_FILE = "Photo Drop/Info.plist";
				IPHONEOS_DEPLOYMENT_TARGET = 8.0;
				LD_RUNPATH_SEARCH_PATHS = "$(inherited) @executable_path/Frameworks";
				OTHER_LDFLAGS = "-ObjC";
				PRODUCT_NAME = "$(TARGET_NAME)";
				SWIFT_OBJC_BRIDGING_HEADER = "Photo Drop/Photo Drop-Bridging-Header.h";
			};
			name = Release;
		};
		5F9E82301AF94CD400BB0E3C /* Debug */ = {
			isa = XCBuildConfiguration;
			buildSettings = {
				BUNDLE_LOADER = "$(TEST_HOST)";
				FRAMEWORK_SEARCH_PATHS = (
					"$(SDKROOT)/Developer/Library/Frameworks",
					"$(inherited)",
				);
				GCC_PREPROCESSOR_DEFINITIONS = (
					"DEBUG=1",
					"$(inherited)",
				);
				INFOPLIST_FILE = "Photo DropTests/Info.plist";
				LD_RUNPATH_SEARCH_PATHS = "$(inherited) @executable_path/Frameworks @loader_path/Frameworks";
				PRODUCT_NAME = "$(TARGET_NAME)";
				TEST_HOST = "$(BUILT_PRODUCTS_DIR)/Photo Drop.app/Photo Drop";
			};
			name = Debug;
		};
		5F9E82311AF94CD400BB0E3C /* Release */ = {
			isa = XCBuildConfiguration;
			buildSettings = {
				BUNDLE_LOADER = "$(TEST_HOST)";
				FRAMEWORK_SEARCH_PATHS = (
					"$(SDKROOT)/Developer/Library/Frameworks",
					"$(inherited)",
				);
				INFOPLIST_FILE = "Photo DropTests/Info.plist";
				LD_RUNPATH_SEARCH_PATHS = "$(inherited) @executable_path/Frameworks @loader_path/Frameworks";
				PRODUCT_NAME = "$(TARGET_NAME)";
				TEST_HOST = "$(BUILT_PRODUCTS_DIR)/Photo Drop.app/Photo Drop";
			};
			name = Release;
		};
/* End XCBuildConfiguration section */

/* Begin XCConfigurationList section */
		5F9E82081AF94CD300BB0E3C /* Build configuration list for PBXProject "Photo Drop" */ = {
			isa = XCConfigurationList;
			buildConfigurations = (
				5F9E822A1AF94CD400BB0E3C /* Debug */,
				5F9E822B1AF94CD400BB0E3C /* Release */,
			);
			defaultConfigurationIsVisible = 0;
			defaultConfigurationName = Release;
		};
		5F9E822C1AF94CD400BB0E3C /* Build configuration list for PBXNativeTarget "Photo Drop" */ = {
			isa = XCConfigurationList;
			buildConfigurations = (
				5F9E822D1AF94CD400BB0E3C /* Debug */,
				5F9E822E1AF94CD400BB0E3C /* Release */,
			);
			defaultConfigurationIsVisible = 0;
			defaultConfigurationName = Release;
		};
		5F9E822F1AF94CD400BB0E3C /* Build configuration list for PBXNativeTarget "Photo DropTests" */ = {
			isa = XCConfigurationList;
			buildConfigurations = (
				5F9E82301AF94CD400BB0E3C /* Debug */,
				5F9E82311AF94CD400BB0E3C /* Release */,
			);
			defaultConfigurationIsVisible = 0;
			defaultConfigurationName = Release;
		};
/* End XCConfigurationList section */
	};
	rootObject = 5F9E82051AF94CD300BB0E3C /* Project object */;
}
